
Microsoft Visual Studio Solution File, Format Version 12.00
# Visual Studio 15
VisualStudioVersion = 15.0.28307.329
MinimumVisualStudioVersion = 10.0.40219.1
Project("{FAE04EC0-301F-11D3-BF4B-00C04F79EFBC}") = "Demo4", "Demo4\Demo4.csproj", "{400886AD-8533-4D19-8F7C-77D4A59A9F76}"
EndProject
Global
	GlobalSection(SolutionConfigurationPlatforms) = preSolution
		Debug|Any CPU = Debug|Any CPU
		Release|Any CPU = Release|Any CPU
	EndGlobalSection
	GlobalSection(ProjectConfigurationPlatforms) = postSolution
		{400886AD-8533-4D19-8F7C-77D4A59A9F76}.Debug|Any CPU.ActiveCfg = Debug|Any CPU
		{400886AD-8533-4D19-8F7C-77D4A59A9F76}.Debug|Any CPU.Build.0 = Debug|Any CPU
		{400886AD-8533-4D19-8F7C-77D4A59A9F76}.Release|Any CPU.ActiveCfg = Release|Any CPU
		{400886AD-8533-4D19-8F7C-77D4A59A9F76}.Release|Any CPU.Build.0 = Release|Any CPU
	EndGlobalSection
	GlobalSection(SolutionProperties) = preSolution
		HideSolutionNode = FALSE
	EndGlobalSection
	GlobalSection(ExtensibilityGlobals) = postSolution
		SolutionGuid = {6221BA26-B4CD-4C44-8E3F-F5A7B549AFC4}
	EndGlobalSection
EndGlobal
