
Microsoft Visual Studio Solution File, Format Version 12.00
# Visual Studio 15
VisualStudioVersion = 15.0.28307.421
MinimumVisualStudioVersion = 10.0.40219.1
Project("{9A19103F-16F7-4668-BE54-9A1E7A4F7556}") = "HandsOnEx", "HandsOnEx\HandsOnEx.csproj", "{D1DC0803-138D-421E-BBC2-29134DDEE48D}"
EndProject
Global
	GlobalSection(SolutionConfigurationPlatforms) = preSolution
		Debug|Any CPU = Debug|Any CPU
		Release|Any CPU = Release|Any CPU
		test|Any CPU = test|Any CPU
	EndGlobalSection
	GlobalSection(ProjectConfigurationPlatforms) = postSolution
		{D1DC0803-138D-421E-BBC2-29134DDEE48D}.Debug|Any CPU.ActiveCfg = Debug|Any CPU
		{D1DC0803-138D-421E-BBC2-29134DDEE48D}.Debug|Any CPU.Build.0 = Debug|Any CPU
		{D1DC0803-138D-421E-BBC2-29134DDEE48D}.Release|Any CPU.ActiveCfg = Release|Any CPU
		{D1DC0803-138D-421E-BBC2-29134DDEE48D}.Release|Any CPU.Build.0 = Release|Any CPU
		{D1DC0803-138D-421E-BBC2-29134DDEE48D}.test|Any CPU.ActiveCfg = test|Any CPU
		{D1DC0803-138D-421E-BBC2-29134DDEE48D}.test|Any CPU.Build.0 = test|Any CPU
	EndGlobalSection
	GlobalSection(SolutionProperties) = preSolution
		HideSolutionNode = FALSE
	EndGlobalSection
	GlobalSection(ExtensibilityGlobals) = postSolution
		SolutionGuid = {13750026-D497-4B5B-A047-75113E991226}
	EndGlobalSection
EndGlobal
